// !$*UTF8*$!
{
	archiveVersion = 1;
	classes = {
	};
	objectVersion = 46;
	objects = {

/* Begin PBXBuildFile section */
		4342223157EB1EBA962660BF /* Pods_HJDanmakuDemo.framework in Frameworks */ = {isa = PBXBuildFile; fileRef = 67DD0AFEC9A9FCD529E18F7A /* Pods_HJDanmakuDemo.framework */; };
		A05AE12B1F4C26DF00248BAD /* AppDelegate.swift in Sources */ = {isa = PBXBuildFile; fileRef = A05AE11F1F4C26DF00248BAD /* AppDelegate.swift */; };
		A05AE12C1F4C26DF00248BAD /* Assets.xcassets in Resources */ = {isa = PBXBuildFile; fileRef = A05AE1201F4C26DF00248BAD /* Assets.xcassets */; };
		A05AE12D1F4C26DF00248BAD /* LaunchScreen.storyboard in Resources */ = {isa = PBXBuildFile; fileRef = A05AE1211F4C26DF00248BAD /* LaunchScreen.storyboard */; };
		A05AE12E1F4C26DF00248BAD /* danmakufile in Resources */ = {isa = PBXBuildFile; fileRef = A05AE1231F4C26DF00248BAD /* danmakufile */; };
		A05AE12F1F4C26DF00248BAD /* DemoDanmakuCell.swift in Sources */ = {isa = PBXBuildFile; fileRef = A05AE1241F4C26DF00248BAD /* DemoDanmakuCell.swift */; };
		A05AE1311F4C26DF00248BAD /* LiveDemoViewController.swift in Sources */ = {isa = PBXBuildFile; fileRef = A05AE1261F4C26DF00248BAD /* LiveDemoViewController.swift */; };
		A05AE1321F4C26DF00248BAD /* LiveDemoViewController.xib in Resources */ = {isa = PBXBuildFile; fileRef = A05AE1271F4C26DF00248BAD /* LiveDemoViewController.xib */; };
		A05AE1331F4C26DF00248BAD /* MenuTableViewController.swift in Sources */ = {isa = PBXBuildFile; fileRef = A05AE1281F4C26DF00248BAD /* MenuTableViewController.swift */; };
		A05AE1341F4C26DF00248BAD /* VideoDemoViewController.swift in Sources */ = {isa = PBXBuildFile; fileRef = A05AE1291F4C26DF00248BAD /* VideoDemoViewController.swift */; };
		A05AE1351F4C26DF00248BAD /* VideoDemoViewController.xib in Resources */ = {isa = PBXBuildFile; fileRef = A05AE12A1F4C26DF00248BAD /* VideoDemoViewController.xib */; };
		A08E4EB71F553E440015D643 /* DemoDanmakuModel.swift in Sources */ = {isa = PBXBuildFile; fileRef = A08E4EB61F553E440015D643 /* DemoDanmakuModel.swift */; };
/* End PBXBuildFile section */

/* Begin PBXFileReference section */
		67DD0AFEC9A9FCD529E18F7A /* Pods_HJDanmakuDemo.framework */ = {isa = PBXFileReference; explicitFileType = wrapper.framework; includeInIndex = 0; path = Pods_HJDanmakuDemo.framework; sourceTree = BUILT_PRODUCTS_DIR; };
		A039EFD11F2F333700259173 /* HJDanmakuDemo.app */ = {isa = PBXFileReference; explicitFileType = wrapper.application; includeInIndex = 0; path = HJDanmakuDemo.app; sourceTree = BUILT_PRODUCTS_DIR; };
		A05AE11F1F4C26DF00248BAD /* AppDelegate.swift */ = {isa = PBXFileReference; fileEncoding = 4; lastKnownFileType = sourcecode.swift; path = AppDelegate.swift; sourceTree = "<group>"; };
		A05AE1201F4C26DF00248BAD /* Assets.xcassets */ = {isa = PBXFileReference; lastKnownFileType = folder.assetcatalog; path = Assets.xcassets; sourceTree = "<group>"; };
		A05AE1221F4C26DF00248BAD /* Base */ = {isa = PBXFileReference; lastKnownFileType = file.storyboard; name = Base; path = Base.lproj/LaunchScreen.storyboard; sourceTree = "<group>"; };
		A05AE1231F4C26DF00248BAD /* danmakufile */ = {isa = PBXFileReference; fileEncoding = 4; lastKnownFileType = text.xml; path = danmakufile; sourceTree = "<group>"; };
		A05AE1241F4C26DF00248BAD /* DemoDanmakuCell.swift */ = {isa = PBXFileReference; fileEncoding = 4; lastKnownFileType = sourcecode.swift; path = DemoDanmakuCell.swift; sourceTree = "<group>"; };
		A05AE1251F4C26DF00248BAD /* Info.plist */ = {isa = PBXFileReference; fileEncoding = 4; lastKnownFileType = text.plist.xml; path = Info.plist; sourceTree = "<group>"; };
		A05AE1261F4C26DF00248BAD /* LiveDemoViewController.swift */ = {isa = PBXFileReference; fileEncoding = 4; lastKnownFileType = sourcecode.swift; path = LiveDemoViewController.swift; sourceTree = "<group>"; };
		A05AE1271F4C26DF00248BAD /* LiveDemoViewController.xib */ = {isa = PBXFileReference; fileEncoding = 4; lastKnownFileType = file.xib; path = LiveDemoViewController.xib; sourceTree = "<group>"; };
		A05AE1281F4C26DF00248BAD /* MenuTableViewController.swift */ = {isa = PBXFileReference; fileEncoding = 4; lastKnownFileType = sourcecode.swift; path = MenuTableViewController.swift; sourceTree = "<group>"; };
		A05AE1291F4C26DF00248BAD /* VideoDemoViewController.swift */ = {isa = PBXFileReference; fileEncoding = 4; lastKnownFileType = sourcecode.swift; path = VideoDemoViewController.swift; sourceTree = "<group>"; };
		A05AE12A1F4C26DF00248BAD /* VideoDemoViewController.xib */ = {isa = PBXFileReference; fileEncoding = 4; lastKnownFileType = file.xib; path = VideoDemoViewController.xib; sourceTree = "<group>"; };
		A08E4EB61F553E440015D643 /* DemoDanmakuModel.swift */ = {isa = PBXFileReference; fileEncoding = 4; lastKnownFileType = sourcecode.swift; path = DemoDanmakuModel.swift; sourceTree = "<group>"; };
		AC90927E4FF59113B1593567 /* Pods-HJDanmakuDemo.release.xcconfig */ = {isa = PBXFileReference; includeInIndex = 1; lastKnownFileType = text.xcconfig; name = "Pods-HJDanmakuDemo.release.xcconfig"; path = "Target Support Files/Pods-HJDanmakuDemo/Pods-HJDanmakuDemo.release.xcconfig"; sourceTree = "<group>"; };
		D9444202E266183559803089 /* Pods-HJDanmakuDemo.debug.xcconfig */ = {isa = PBXFileReference; includeInIndex = 1; lastKnownFileType = text.xcconfig; name = "Pods-HJDanmakuDemo.debug.xcconfig"; path = "Target Support Files/Pods-HJDanmakuDemo/Pods-HJDanmakuDemo.debug.xcconfig"; sourceTree = "<group>"; };
/* End PBXFileReference section */

/* Begin PBXFrameworksBuildPhase section */
		9F8967FC7DC696EECB70F3F7 /* Frameworks */ = {
			isa = PBXFrameworksBuildPhase;
			buildActionMask = 2147483647;
			files = (
				4342223157EB1EBA962660BF /* Pods_HJDanmakuDemo.framework in Frameworks */,
			);
			runOnlyForDeploymentPostprocessing = 0;
		};
/* End PBXFrameworksBuildPhase section */

/* Begin PBXGroup section */
		A039EFC81F2F333700259173 = {
			isa = PBXGroup;
			children = (
				A05AE11E1F4C26DF00248BAD /* HJDanmakuDemo */,
				A039EFD21F2F333700259173 /* Products */,
				C8E8FE38707287026E57EEE8 /* Pods */,
				FA6ABEFE316B587CC5137941 /* Frameworks */,
			);
			sourceTree = "<group>";
		};
		A039EFD21F2F333700259173 /* Products */ = {
			isa = PBXGroup;
			children = (
				A039EFD11F2F333700259173 /* HJDanmakuDemo.app */,
			);
			name = Products;
			sourceTree = "<group>";
		};
		A05AE11E1F4C26DF00248BAD /* HJDanmakuDemo */ = {
			isa = PBXGroup;
			children = (
				A05AE11F1F4C26DF00248BAD /* AppDelegate.swift */,
				A05AE1281F4C26DF00248BAD /* MenuTableViewController.swift */,
				A05AE1291F4C26DF00248BAD /* VideoDemoViewController.swift */,
				A05AE12A1F4C26DF00248BAD /* VideoDemoViewController.xib */,
				A05AE1261F4C26DF00248BAD /* LiveDemoViewController.swift */,
				A05AE1271F4C26DF00248BAD /* LiveDemoViewController.xib */,
				A05AE1241F4C26DF00248BAD /* DemoDanmakuCell.swift */,
				A08E4EB61F553E440015D643 /* DemoDanmakuModel.swift */,
				A05AE1231F4C26DF00248BAD /* danmakufile */,
				A05AE1201F4C26DF00248BAD /* Assets.xcassets */,
				A05AE1211F4C26DF00248BAD /* LaunchScreen.storyboard */,
				A05AE1251F4C26DF00248BAD /* Info.plist */,
			);
			path = HJDanmakuDemo;
			sourceTree = "<group>";
		};
		C8E8FE38707287026E57EEE8 /* Pods */ = {
			isa = PBXGroup;
			children = (
				D9444202E266183559803089 /* Pods-HJDanmakuDemo.debug.xcconfig */,
				AC90927E4FF59113B1593567 /* Pods-HJDanmakuDemo.release.xcconfig */,
			);
			name = Pods;
			path = Pods;
			sourceTree = "<group>";
		};
		FA6ABEFE316B587CC5137941 /* Frameworks */ = {
			isa = PBXGroup;
			children = (
				67DD0AFEC9A9FCD529E18F7A /* Pods_HJDanmakuDemo.framework */,
			);
			name = Frameworks;
			sourceTree = "<group>";
		};
/* End PBXGroup section */

/* Begin PBXNativeTarget section */
		A039EFD01F2F333700259173 /* HJDanmakuDemo */ = {
			isa = PBXNativeTarget;
			buildConfigurationList = A039EFE31F2F333700259173 /* Build configuration list for PBXNativeTarget "HJDanmakuDemo" */;
			buildPhases = (
				47725F8414312EDAF075F90F /* [CP] Check Pods Manifest.lock */,
				A039EFCD1F2F333700259173 /* Sources */,
				A039EFCF1F2F333700259173 /* Resources */,
				9F8967FC7DC696EECB70F3F7 /* Frameworks */,
				12716CD02C04E63605561E15 /* [CP] Embed Pods Frameworks */,
			);
			buildRules = (
			);
			dependencies = (
			);
			name = HJDanmakuDemo;
			productName = "HJDanmaku-Swift";
			productReference = A039EFD11F2F333700259173 /* HJDanmakuDemo.app */;
			productType = "com.apple.product-type.application";
		};
/* End PBXNativeTarget section */

/* Begin PBXProject section */
		A039EFC91F2F333700259173 /* Project object */ = {
			isa = PBXProject;
			attributes = {
				LastSwiftUpdateCheck = 0830;
				LastUpgradeCheck = 1150;
				ORGANIZATIONNAME = olinone;
				TargetAttributes = {
					A039EFD01F2F333700259173 = {
						CreatedOnToolsVersion = 8.3.3;
						ProvisioningStyle = Automatic;
					};
				};
			};
			buildConfigurationList = A039EFCC1F2F333700259173 /* Build configuration list for PBXProject "HJDanmakuDemo" */;
			compatibilityVersion = "Xcode 3.2";
			developmentRegion = en;
			hasScannedForEncodings = 0;
			knownRegions = (
				en,
				Base,
			);
			mainGroup = A039EFC81F2F333700259173;
			productRefGroup = A039EFD21F2F333700259173 /* Products */;
			projectDirPath = "";
			projectRoot = "";
			targets = (
				A039EFD01F2F333700259173 /* HJDanmakuDemo */,
			);
		};
/* End PBXProject section */

/* Begin PBXResourcesBuildPhase section */
		A039EFCF1F2F333700259173 /* Resources */ = {
			isa = PBXResourcesBuildPhase;
			buildActionMask = 2147483647;
			files = (
				A05AE12C1F4C26DF00248BAD /* Assets.xcassets in Resources */,
				A05AE12D1F4C26DF00248BAD /* LaunchScreen.storyboard in Resources */,
				A05AE12E1F4C26DF00248BAD /* danmakufile in Resources */,
				A05AE1321F4C26DF00248BAD /* LiveDemoViewController.xib in Resources */,
				A05AE1351F4C26DF00248BAD /* VideoDemoViewController.xib in Resources */,
			);
			runOnlyForDeploymentPostprocessing = 0;
		};
/* End PBXResourcesBuildPhase section */

/* Begin PBXShellScriptBuildPhase section */
		12716CD02C04E63605561E15 /* [CP] Embed Pods Frameworks */ = {
			isa = PBXShellScriptBuildPhase;
			buildActionMask = 2147483647;
			files = (
			);
			inputPaths = (
				"${PODS_ROOT}/Target Support Files/Pods-HJDanmakuDemo/Pods-HJDanmakuDemo-frameworks.sh",
				"${BUILT_PRODUCTS_DIR}/HJDanmaku-Swift/HJDanmaku_Swift.framework",
			);
			name = "[CP] Embed Pods Frameworks";
			outputPaths = (
				"${TARGET_BUILD_DIR}/${FRAMEWORKS_FOLDER_PATH}/HJDanmaku_Swift.framework",
			);
			runOnlyForDeploymentPostprocessing = 0;
			shellPath = /bin/sh;
			shellScript = "\"${PODS_ROOT}/Target Support Files/Pods-HJDanmakuDemo/Pods-HJDanmakuDemo-frameworks.sh\"\n";
			showEnvVarsInLog = 0;
		};
		47725F8414312EDAF075F90F /* [CP] Check Pods Manifest.lock */ = {
			isa = PBXShellScriptBuildPhase;
			buildActionMask = 2147483647;
			files = (
			);
			inputFileListPaths = (
			);
			inputPaths = (
				"${PODS_PODFILE_DIR_PATH}/Podfile.lock",
				"${PODS_ROOT}/Manifest.lock",
			);
			name = "[CP] Check Pods Manifest.lock";
			outputFileListPaths = (
			);
			outputPaths = (
				"$(DERIVED_FILE_DIR)/Pods-HJDanmakuDemo-checkManifestLockResult.txt",
			);
			runOnlyForDeploymentPostprocessing = 0;
			shellPath = /bin/sh;
			shellScript = "diff \"${PODS_PODFILE_DIR_PATH}/Podfile.lock\" \"${PODS_ROOT}/Manifest.lock\" > /dev/null\nif [ $? != 0 ] ; then\n    # print error to STDERR\n    echo \"error: The sandbox is not in sync with the Podfile.lock. Run 'pod install' or update your CocoaPods installation.\" >&2\n    exit 1\nfi\n# This output is used by Xcode 'outputs' to avoid re-running this script phase.\necho \"SUCCESS\" > \"${SCRIPT_OUTPUT_FILE_0}\"\n";
			showEnvVarsInLog = 0;
		};
/* End PBXShellScriptBuildPhase section */

/* Begin PBXSourcesBuildPhase section */
		A039EFCD1F2F333700259173 /* Sources */ = {
			isa = PBXSourcesBuildPhase;
			buildActionMask = 2147483647;
			files = (
				A08E4EB71F553E440015D643 /* DemoDanmakuModel.swift in Sources */,
				A05AE1331F4C26DF00248BAD /* MenuTableViewController.swift in Sources */,
				A05AE12F1F4C26DF00248BAD /* DemoDanmakuCell.swift in Sources */,
				A05AE1311F4C26DF00248BAD /* LiveDemoViewController.swift in Sources */,
				A05AE12B1F4C26DF00248BAD /* AppDelegate.swift in Sources */,
				A05AE1341F4C26DF00248BAD /* VideoDemoViewController.swift in Sources */,
			);
			runOnlyForDeploymentPostprocessing = 0;
		};
/* End PBXSourcesBuildPhase section */

/* Begin PBXVariantGroup section */
		A05AE1211F4C26DF00248BAD /* LaunchScreen.storyboard */ = {
			isa = PBXVariantGroup;
			children = (
				A05AE1221F4C26DF00248BAD /* Base */,
			);
			name = LaunchScreen.storyboard;
			sourceTree = "<group>";
		};
/* End PBXVariantGroup section */

/* Begin XCBuildConfiguration section */
		A039EFE11F2F333700259173 /* Debug */ = {
			isa = XCBuildConfiguration;
			buildSettings = {
				ALWAYS_SEARCH_USER_PATHS = NO;
				CLANG_ANALYZER_LOCALIZABILITY_NONLOCALIZED = YES;
				CLANG_ANALYZER_NONNULL = YES;
				CLANG_ANALYZER_NUMBER_OBJECT_CONVERSION = YES_AGGRESSIVE;
				CLANG_CXX_LANGUAGE_STANDARD = "gnu++0x";
				CLANG_CXX_LIBRARY = "libc++";
				CLANG_ENABLE_MODULES = YES;
				CLANG_ENABLE_OBJC_ARC = YES;
				CLANG_WARN_BLOCK_CAPTURE_AUTORELEASING = YES;
				CLANG_WARN_BOOL_CONVERSION = YES;
				CLANG_WARN_COMMA = YES;
				CLANG_WARN_CONSTANT_CONVERSION = YES;
				CLANG_WARN_DEPRECATED_OBJC_IMPLEMENTATIONS = YES;
				CLANG_WARN_DIRECT_OBJC_ISA_USAGE = YES_ERROR;
				CLANG_WARN_DOCUMENTATION_COMMENTS = YES;
				CLANG_WARN_EMPTY_BODY = YES;
				CLANG_WARN_ENUM_CONVERSION = YES;
				CLANG_WARN_INFINITE_RECURSION = YES;
				CLANG_WARN_INT_CONVERSION = YES;
				CLANG_WARN_NON_LITERAL_NULL_CONVERSION = YES;
				CLANG_WARN_OBJC_IMPLICIT_RETAIN_SELF = YES;
				CLANG_WARN_OBJC_LITERAL_CONVERSION = YES;
				CLANG_WARN_OBJC_ROOT_CLASS = YES_ERROR;
				CLANG_WARN_RANGE_LOOP_ANALYSIS = YES;
				CLANG_WARN_STRICT_PROTOTYPES = YES;
				CLANG_WARN_SUSPICIOUS_MOVE = YES;
				CLANG_WARN_UNREACHABLE_CODE = YES;
				CLANG_WARN__DUPLICATE_METHOD_MATCH = YES;
				"CODE_SIGN_IDENTITY[sdk=iphoneos*]" = "iPhone Developer";
				COPY_PHASE_STRIP = NO;
				DEBUG_INFORMATION_FORMAT = dwarf;
				ENABLE_STRICT_OBJC_MSGSEND = YES;
				ENABLE_TESTABILITY = YES;
				GCC_C_LANGUAGE_STANDARD = gnu99;
				GCC_DYNAMIC_NO_PIC = NO;
				GCC_NO_COMMON_BLOCKS = YES;
				GCC_OPTIMIZATION_LEVEL = 0;
				GCC_PREPROCESSOR_DEFINITIONS = (
					"DEBUG=1",
					"$(inherited)",
				);
				GCC_WARN_64_TO_32_BIT_CONVERSION = YES;
				GCC_WARN_ABOUT_RETURN_TYPE = YES_ERROR;
				GCC_WARN_UNDECLARED_SELECTOR = YES;
				GCC_WARN_UNINITIALIZED_AUTOS = YES_AGGRESSIVE;
				GCC_WARN_UNUSED_FUNCTION = YES;
				GCC_WARN_UNUSED_VARIABLE = YES;
				IPHONEOS_DEPLOYMENT_TARGET = 10.0;
				MTL_ENABLE_DEBUG_INFO = YES;
				ONLY_ACTIVE_ARCH = YES;
				SDKROOT = iphoneos;
				SWIFT_ACTIVE_COMPILATION_CONDITIONS = DEBUG;
				SWIFT_OPTIMIZATION_LEVEL = "-Onone";
				SWIFT_VERSION = 5.0;
			};
			name = Debug;
		};
		A039EFE21F2F333700259173 /* Release */ = {
			isa = XCBuildConfiguration;
			buildSettings = {
				ALWAYS_SEARCH_USER_PATHS = NO;
				CLANG_ANALYZER_LOCALIZABILITY_NONLOCALIZED = YES;
				CLANG_ANALYZER_NONNULL = YES;
				CLANG_ANALYZER_NUMBER_OBJECT_CONVERSION = YES_AGGRESSIVE;
				CLANG_CXX_LANGUAGE_STANDARD = "gnu++0x";
				CLANG_CXX_LIBRARY = "libc++";
				CLANG_ENABLE_MODULES = YES;
				CLANG_ENABLE_OBJC_ARC = YES;
				CLANG_WARN_BLOCK_CAPTURE_AUTORELEASING = YES;
				CLANG_WARN_BOOL_CONVERSION = YES;
				CLANG_WARN_COMMA = YES;
				CLANG_WARN_CONSTANT_CONVERSION = YES;
				CLANG_WARN_DEPRECATED_OBJC_IMPLEMENTATIONS = YES;
				CLANG_WARN_DIRECT_OBJC_ISA_USAGE = YES_ERROR;
				CLANG_WARN_DOCUMENTATION_COMMENTS = YES;
				CLANG_WARN_EMPTY_BODY = YES;
				CLANG_WARN_ENUM_CONVERSION = YES;
				CLANG_WARN_INFINITE_RECURSION = YES;
				CLANG_WARN_INT_CONVERSION = YES;
				CLANG_WARN_NON_LITERAL_NULL_CONVERSION = YES;
				CLANG_WARN_OBJC_IMPLICIT_RETAIN_SELF = YES;
				CLANG_WARN_OBJC_LITERAL_CONVERSION = YES;
				CLANG_WARN_OBJC_ROOT_CLASS = YES_ERROR;
				CLANG_WARN_RANGE_LOOP_ANALYSIS = YES;
				CLANG_WARN_STRICT_PROTOTYPES = YES;
				CLANG_WARN_SUSPICIOUS_MOVE = YES;
				CLANG_WARN_UNREACHABLE_CODE = YES;
				CLANG_WARN__DUPLICATE_METHOD_MATCH = YES;
				"CODE_SIGN_IDENTITY[sdk=iphoneos*]" = "iPhone Developer";
				COPY_PHASE_STRIP = NO;
				DEBUG_INFORMATION_FORMAT = "dwarf-with-dsym";
				ENABLE_NS_ASSERTIONS = NO;
				ENABLE_STRICT_OBJC_MSGSEND = YES;
				GCC_C_LANGUAGE_STANDARD = gnu99;
				GCC_NO_COMMON_BLOCKS = YES;
				GCC_WARN_64_TO_32_BIT_CONVERSION = YES;
				GCC_WARN_ABOUT_RETURN_TYPE = YES_ERROR;
				GCC_WARN_UNDECLARED_SELECTOR = YES;
				GCC_WARN_UNINITIALIZED_AUTOS = YES_AGGRESSIVE;
				GCC_WARN_UNUSED_FUNCTION = YES;
				GCC_WARN_UNUSED_VARIABLE = YES;
				IPHONEOS_DEPLOYMENT_TARGET = 10.0;
				MTL_ENABLE_DEBUG_INFO = NO;
				SDKROOT = iphoneos;
				SWIFT_OPTIMIZATION_LEVEL = "-Owholemodule";
				SWIFT_VERSION = 5.0;
				VALIDATE_PRODUCT = YES;
			};
			name = Release;
		};
		A039EFE41F2F333700259173 /* Debug */ = {
			isa = XCBuildConfiguration;
			baseConfigurationReference = D9444202E266183559803089 /* Pods-HJDanmakuDemo.debug.xcconfig */;
			buildSettings = {
				ASSETCATALOG_COMPILER_APPICON_NAME = AppIcon;
				CODE_SIGN_IDENTITY = "iPhone Developer";
				INFOPLIST_FILE = HJDanmakuDemo/Info.plist;
				LD_RUNPATH_SEARCH_PATHS = "$(inherited) @executable_path/Frameworks";
				PRODUCT_BUNDLE_IDENTIFIER = "com.olinone.HJDanmaku-Swift";
				PRODUCT_NAME = "$(TARGET_NAME)";
				SWIFT_VERSION = 5.0;
			};
			name = Debug;
		};
		A039EFE51F2F333700259173 /* Release */ = {
			isa = XCBuildConfiguration;
			baseConfigurationReference = AC90927E4FF59113B1593567 /* Pods-HJDanmakuDemo.release.xcconfig */;
			buildSettings = {
				ASSETCATALOG_COMPILER_APPICON_NAME = AppIcon;
				CODE_SIGN_IDENTITY = "iPhone Developer";
				INFOPLIST_FILE = HJDanmakuDemo/Info.plist;
				LD_RUNPATH_SEARCH_PATHS = "$(inherited) @executable_path/Frameworks";
				PRODUCT_BUNDLE_IDENTIFIER = "com.olinone.HJDanmaku-Swift";
				PRODUCT_NAME = "$(TARGET_NAME)";
				SWIFT_VERSION = 5.0;
			};
			name = Release;
		};
/* End XCBuildConfiguration section */

/* Begin XCConfigurationList section */
		A039EFCC1F2F333700259173 /* Build configuration list for PBXProject "HJDanmakuDemo" */ = {
			isa = XCConfigurationList;
			buildConfigurations = (
				A039EFE11F2F333700259173 /* Debug */,
				A039EFE21F2F333700259173 /* Release */,
			);
			defaultConfigurationIsVisible = 0;
			defaultConfigurationName = Release;
		};
		A039EFE31F2F333700259173 /* Build configuration list for PBXNativeTarget "HJDanmakuDemo" */ = {
			isa = XCConfigurationList;
			buildConfigurations = (
				A039EFE41F2F333700259173 /* Debug */,
				A039EFE51F2F333700259173 /* Release */,
			);
			defaultConfigurationIsVisible = 0;
			defaultConfigurationName = Release;
		};
/* End XCConfigurationList section */
	};
	rootObject = A039EFC91F2F333700259173 /* Project object */;
}
